
Microsoft Visual Studio Solution File, Format Version 12.00
# Visual Studio Version 17
VisualStudioVersion = 17.2.32519.379
MinimumVisualStudioVersion = 10.0.40219.1
Project("{FAE04EC0-301F-11D3-BF4B-00C04F79EFBC}") = "2d_Array_Matrix", "2d_Array_Matrix\2d_Array_Matrix.csproj", "{D0C34DBD-3FDD-44F3-A383-69C17128DE11}"
EndProject
Global
	GlobalSection(SolutionConfigurationPlatforms) = preSolution
		Debug|Any CPU = Debug|Any CPU
		Release|Any CPU = Release|Any CPU
	EndGlobalSection
	GlobalSection(ProjectConfigurationPlatforms) = postSolution
		{D0C34DBD-3FDD-44F3-A383-69C17128DE11}.Debug|Any CPU.ActiveCfg = Debug|Any CPU
		{D0C34DBD-3FDD-44F3-A383-69C17128DE11}.Debug|Any CPU.Build.0 = Debug|Any CPU
		{D0C34DBD-3FDD-44F3-A383-69C17128DE11}.Release|Any CPU.ActiveCfg = Release|Any CPU
		{D0C34DBD-3FDD-44F3-A383-69C17128DE11}.Release|Any CPU.Build.0 = Release|Any CPU
	EndGlobalSection
	GlobalSection(SolutionProperties) = preSolution
		HideSolutionNode = FALSE
	EndGlobalSection
	GlobalSection(ExtensibilityGlobals) = postSolution
		SolutionGuid = {AD6DCED7-4C38-40D2-8FF3-5BC1514A3B98}
	EndGlobalSection
EndGlobal
